{
  "name": "simple-lifo-stack",
  "version": "1.0.2",
  "lockfileVersion": 1,
  "requires": true,
  "dependencies": {
    "assert-testing": {
      "version": "1.0.8",
      "resolved": "https://registry.npmjs.org/assert-testing/-/assert-testing-1.0.8.tgz",
      "integrity": "sha512-bJJh2Z9k0v6u90OcqLfXEIVz/uO0lFxmvWFdI18IvOrkJ4tHiGTITHpBc3e8lrqJPxokZpLSI3mxqNJPcN72hA=="
    }
  }
}
